
Microsoft Visual Studio Solution File, Format Version 12.00
# Visual Studio Version 17
VisualStudioVersion = 17.10.35013.160
MinimumVisualStudioVersion = 10.0.40219.1
Project("{FAE04EC0-301F-11D3-BF4B-00C04F79EFBC}") = "RegistrationForm", "RegistrationForm\RegistrationForm.csproj", "{4603FB6E-9CB9-4084-8266-906BF22E1AA1}"
EndProject
Global
	GlobalSection(SolutionConfigurationPlatforms) = preSolution
		Debug|Any CPU = Debug|Any CPU
		Release|Any CPU = Release|Any CPU
	EndGlobalSection
	GlobalSection(ProjectConfigurationPlatforms) = postSolution
		{4603FB6E-9CB9-4084-8266-906BF22E1AA1}.Debug|Any CPU.ActiveCfg = Debug|Any CPU
		{4603FB6E-9CB9-4084-8266-906BF22E1AA1}.Debug|Any CPU.Build.0 = Debug|Any CPU
		{4603FB6E-9CB9-4084-8266-906BF22E1AA1}.Release|Any CPU.ActiveCfg = Release|Any CPU
		{4603FB6E-9CB9-4084-8266-906BF22E1AA1}.Release|Any CPU.Build.0 = Release|Any CPU
	EndGlobalSection
	GlobalSection(SolutionProperties) = preSolution
		HideSolutionNode = FALSE
	EndGlobalSection
	GlobalSection(ExtensibilityGlobals) = postSolution
		SolutionGuid = {AA4EB840-4A02-4745-A3D1-BFD6B3F5A731}
	EndGlobalSection
EndGlobal
